PODS:
  - Capacitor (5.6.0):
    - CapacitorCordova
  - CapacitorCamera (5.0.8):
    - Capacitor
  - CapacitorCommunityBarcodeScanner (4.0.1):
    - Capacitor
  - CapacitorCordova (5.6.0)
  - CapacitorFilesystem (5.2.0):
    - Capacitor
  - CapacitorPreferences (5.0.6):
    - Capacitor
  - CapacitorStorage (1.2.5):
    - Capacitor

DEPENDENCIES:
  - "Capacitor (from `../../node_modules/@capacitor/ios`)"
  - "CapacitorCamera (from `../../node_modules/@capacitor/camera`)"
  - "CapacitorCommunityBarcodeScanner (from `../../node_modules/@capacitor-community/barcode-scanner`)"
  - "CapacitorCordova (from `../../node_modules/@capacitor/ios`)"
  - "CapacitorFilesystem (from `../../node_modules/@capacitor/filesystem`)"
  - "CapacitorPreferences (from `../../node_modules/@capacitor/preferences`)"
  - "CapacitorStorage (from `../../node_modules/@capacitor/storage`)"

EXTERNAL SOURCES:
  Capacitor:
    :path: "../../node_modules/@capacitor/ios"
  CapacitorCamera:
    :path: "../../node_modules/@capacitor/camera"
  CapacitorCommunityBarcodeScanner:
    :path: "../../node_modules/@capacitor-community/barcode-scanner"
  CapacitorCordova:
    :path: "../../node_modules/@capacitor/ios"
  CapacitorFilesystem:
    :path: "../../node_modules/@capacitor/filesystem"
  CapacitorPreferences:
    :path: "../../node_modules/@capacitor/preferences"
  CapacitorStorage:
    :path: "../../node_modules/@capacitor/storage"

SPEC CHECKSUMS:
  Capacitor: ebfc16cdb8116d04c101686b080342872da42d43
  CapacitorCamera: 4be26c04b35e01f5e7ceb0fcaeafd7dc19b448e0
  CapacitorCommunityBarcodeScanner: 7feb206489c8555a8ca0c74c57ddf49ead774eb8
  CapacitorCordova: 931b48fcdbc9bc985fc2f16cec9f77c794a27729
  CapacitorFilesystem: 02f9a9053b96e1881ba1fc98d846869413c195c2
  CapacitorPreferences: f03954bcb0ff09c792909e46bff88e3183c16b10
  CapacitorStorage: 63255170c2f7e9f7363b3e5e015584e6d18f2969

PODFILE CHECKSUM: 381e556ac84e562639f458fa478a6999497d6434

COCOAPODS: 1.10.1
